
Microsoft Visual Studio Solution File, Format Version 12.00
# Visual Studio Version 16
VisualStudioVersion = 16.0.29306.81
MinimumVisualStudioVersion = 10.0.40219.1
Project("{FAE04EC0-301F-11D3-BF4B-00C04F79EFBC}") = "LLama", "LLama\LLama.csproj", "{93BCCCC9-1330-4F16-BC4C-08F8A3745D54}"
EndProject
Global
	GlobalSection(SolutionConfigurationPlatforms) = preSolution
		Debug|Any CPU = Debug|Any CPU
		Release|Any CPU = Release|Any CPU
	EndGlobalSection
	GlobalSection(ProjectConfigurationPlatforms) = postSolution
		{93BCCCC9-1330-4F16-BC4C-08F8A3745D54}.Debug|Any CPU.ActiveCfg = Debug|Any CPU
		{93BCCCC9-1330-4F16-BC4C-08F8A3745D54}.Debug|Any CPU.Build.0 = Debug|Any CPU
		{93BCCCC9-1330-4F16-BC4C-08F8A3745D54}.Release|Any CPU.ActiveCfg = Release|Any CPU
		{93BCCCC9-1330-4F16-BC4C-08F8A3745D54}.Release|Any CPU.Build.0 = Release|Any CPU
	EndGlobalSection
	GlobalSection(SolutionProperties) = preSolution
		HideSolutionNode = FALSE
	EndGlobalSection
	GlobalSection(ExtensibilityGlobals) = postSolution
		SolutionGuid = {EB1CF7AB-1EDB-4E92-89D9-893A82461D83}
	EndGlobalSection
EndGlobal
